
Microsoft Visual Studio Solution File, Format Version 12.00
# Visual Studio 15
VisualStudioVersion = 15.0.28010.2041
MinimumVisualStudioVersion = 10.0.40219.1
Project("{FAE04EC0-301F-11D3-BF4B-00C04F79EFBC}") = "Generator", "Generator\Generator.csproj", "{8221EA7E-C20E-4D08-A1A6-9EF5FAE798F5}"
EndProject
Project("{FAE04EC0-301F-11D3-BF4B-00C04F79EFBC}") = "GeneratorTests", "GeneratorTests\GeneratorTests.csproj", "{C7FC3C8D-B5CF-452A-8531-16AFEED8E010}"
EndProject
Global
	GlobalSection(SolutionConfigurationPlatforms) = preSolution
		Debug|Any CPU = Debug|Any CPU
		Release|Any CPU = Release|Any CPU
	EndGlobalSection
	GlobalSection(ProjectConfigurationPlatforms) = postSolution
		{8221EA7E-C20E-4D08-A1A6-9EF5FAE798F5}.Debug|Any CPU.ActiveCfg = Debug|Any CPU
		{8221EA7E-C20E-4D08-A1A6-9EF5FAE798F5}.Debug|Any CPU.Build.0 = Debug|Any CPU
		{8221EA7E-C20E-4D08-A1A6-9EF5FAE798F5}.Release|Any CPU.ActiveCfg = Release|Any CPU
		{8221EA7E-C20E-4D08-A1A6-9EF5FAE798F5}.Release|Any CPU.Build.0 = Release|Any CPU
		{C7FC3C8D-B5CF-452A-8531-16AFEED8E010}.Debug|Any CPU.ActiveCfg = Debug|Any CPU
		{C7FC3C8D-B5CF-452A-8531-16AFEED8E010}.Debug|Any CPU.Build.0 = Debug|Any CPU
		{C7FC3C8D-B5CF-452A-8531-16AFEED8E010}.Release|Any CPU.ActiveCfg = Release|Any CPU
		{C7FC3C8D-B5CF-452A-8531-16AFEED8E010}.Release|Any CPU.Build.0 = Release|Any CPU
	EndGlobalSection
	GlobalSection(SolutionProperties) = preSolution
		HideSolutionNode = FALSE
	EndGlobalSection
	GlobalSection(ExtensibilityGlobals) = postSolution
		SolutionGuid = {C073CE4B-045C-40DA-96B3-E51C418D9DDF}
	EndGlobalSection
EndGlobal
